
Microsoft Visual Studio Solution File, Format Version 12.00
# Visual Studio Version 17
VisualStudioVersion = 17.0.31903.59
MinimumVisualStudioVersion = 10.0.40219.1
Project("{2150E333-8FDC-42A3-9474-1A3956D46DE8}") = "src", "src", "{827E0CD3-B72D-47B6-A68D-7590B98EB39B}"
EndProject
Project("{FAE04EC0-301F-11D3-BF4B-00C04F79EFBC}") = "Orquestrador.Domain", "src\Orquestrador.Domain\Orquestrador.Domain.csproj", "{FB00A8EE-7F03-4F70-8E6E-B3FB42A48F4E}"
EndProject
Project("{FAE04EC0-301F-11D3-BF4B-00C04F79EFBC}") = "Orquestrador.Application", "src\Orquestrador.Application\Orquestrador.Application.csproj", "{0EC16074-258F-4169-A770-448781EE209A}"
EndProject
Project("{FAE04EC0-301F-11D3-BF4B-00C04F79EFBC}") = "Orquestrador.Infrastructure", "src\Orquestrador.Infrastructure\Orquestrador.Infrastructure.csproj", "{3D753212-6C63-4BEC-913C-663AA6AB7846}"
EndProject
Project("{FAE04EC0-301F-11D3-BF4B-00C04F79EFBC}") = "Orquestrador.Api", "src\Orquestrador.Api\Orquestrador.Api.csproj", "{5804586A-B19E-48CF-A987-67EBF1868522}"
EndProject
Project("{2150E333-8FDC-42A3-9474-1A3956D46DE8}") = "BuildingBlocks", "BuildingBlocks", "{90298CBA-BD6F-3A0A-69D5-97CAD7B05E7E}"
EndProject
Project("{FAE04EC0-301F-11D3-BF4B-00C04F79EFBC}") = "CTe.BuildingBlocks", "src\BuildingBlocks\CTe.BuildingBlocks\CTe.BuildingBlocks.csproj", "{798BB764-79CC-4D2F-A765-794901F68283}"
EndProject
Project("{2150E333-8FDC-42A3-9474-1A3956D46DE8}") = "Modules", "Modules", "{EC447DCF-ABFA-6E24-52A5-D7FD48A5C558}"
EndProject
Project("{2150E333-8FDC-42A3-9474-1A3956D46DE8}") = "Monitors", "Monitors", "{ED2E8AD3-D612-63BB-118F-3A0D1BC4A84C}"
EndProject
Project("{FAE04EC0-301F-11D3-BF4B-00C04F79EFBC}") = "CTe.Modules.Monitors.Abstractions", "src\Modules\Monitors\CTe.Modules.Monitors.Abstractions\CTe.Modules.Monitors.Abstractions.csproj", "{C48C5FAE-1325-4E34-BD15-140DA502191B}"
EndProject
Project("{FAE04EC0-301F-11D3-BF4B-00C04F79EFBC}") = "CTe.Modules.Monitors.Infrastructure", "src\Modules\Monitors\CTe.Modules.Monitors.Infrastructure\CTe.Modules.Monitors.Infrastructure.csproj", "{95E50592-DFD8-4E2B-8058-731743282800}"
EndProject
Project("{2150E333-8FDC-42A3-9474-1A3956D46DE8}") = "tests", "tests", "{0AB3BF05-4346-4AA6-1389-037BE0695223}"
EndProject
Project("{FAE04EC0-301F-11D3-BF4B-00C04F79EFBC}") = "CTe.Architecture.Tests", "tests\CTe.Architecture.Tests\CTe.Architecture.Tests.csproj", "{64325EE9-F239-473E-AE56-A1F07107E007}"
EndProject
Project("{FAE04EC0-301F-11D3-BF4B-00C04F79EFBC}") = "CTe.Modules.Monitors.WindowsControl", "src\Modules\Monitors\CTe.Modules.Monitors.WindowsControl\CTe.Modules.Monitors.WindowsControl.csproj", "{1C270FD7-03C8-4959-87BF-8AA435D589B8}"
EndProject
Project("{FAE04EC0-301F-11D3-BF4B-00C04F79EFBC}") = "CTe.Resgate.Domain", "..\libs\resgate\CTe.Resgate.Domain\CTe.Resgate.Domain.csproj", "{E6EDBAD8-0B9D-47B5-8E0C-02DA41B2D212}"
EndProject
Project("{FAE04EC0-301F-11D3-BF4B-00C04F79EFBC}") = "CTe.Resgate.Application", "..\libs\resgate\CTe.Resgate.Application\CTe.Resgate.Application.csproj", "{4E4FA6EC-D8DF-4D72-B94D-69BA6A4F0813}"
EndProject
Project("{FAE04EC0-301F-11D3-BF4B-00C04F79EFBC}") = "CTe.Resgate.Infrastructure", "..\libs\resgate\CTe.Resgate.Infrastructure\CTe.Resgate.Infrastructure.csproj", "{2522447A-B836-4871-A863-BD882B16213B}"
EndProject
Global
	GlobalSection(SolutionConfigurationPlatforms) = preSolution
		Debug|Any CPU = Debug|Any CPU
		Debug|x64 = Debug|x64
		Debug|x86 = Debug|x86
		Release|Any CPU = Release|Any CPU
		Release|x64 = Release|x64
		Release|x86 = Release|x86
	EndGlobalSection
	GlobalSection(ProjectConfigurationPlatforms) = postSolution
		{FB00A8EE-7F03-4F70-8E6E-B3FB42A48F4E}.Debug|Any CPU.ActiveCfg = Debug|Any CPU
		{FB00A8EE-7F03-4F70-8E6E-B3FB42A48F4E}.Debug|Any CPU.Build.0 = Debug|Any CPU
		{FB00A8EE-7F03-4F70-8E6E-B3FB42A48F4E}.Debug|x64.ActiveCfg = Debug|Any CPU
		{FB00A8EE-7F03-4F70-8E6E-B3FB42A48F4E}.Debug|x64.Build.0 = Debug|Any CPU
		{FB00A8EE-7F03-4F70-8E6E-B3FB42A48F4E}.Debug|x86.ActiveCfg = Debug|Any CPU
		{FB00A8EE-7F03-4F70-8E6E-B3FB42A48F4E}.Debug|x86.Build.0 = Debug|Any CPU
		{FB00A8EE-7F03-4F70-8E6E-B3FB42A48F4E}.Release|Any CPU.ActiveCfg = Release|Any CPU
		{FB00A8EE-7F03-4F70-8E6E-B3FB42A48F4E}.Release|Any CPU.Build.0 = Release|Any CPU
		{FB00A8EE-7F03-4F70-8E6E-B3FB42A48F4E}.Release|x64.ActiveCfg = Release|Any CPU
		{FB00A8EE-7F03-4F70-8E6E-B3FB42A48F4E}.Release|x64.Build.0 = Release|Any CPU
		{FB00A8EE-7F03-4F70-8E6E-B3FB42A48F4E}.Release|x86.ActiveCfg = Release|Any CPU
		{FB00A8EE-7F03-4F70-8E6E-B3FB42A48F4E}.Release|x86.Build.0 = Release|Any CPU
		{0EC16074-258F-4169-A770-448781EE209A}.Debug|Any CPU.ActiveCfg = Debug|Any CPU
		{0EC16074-258F-4169-A770-448781EE209A}.Debug|Any CPU.Build.0 = Debug|Any CPU
		{0EC16074-258F-4169-A770-448781EE209A}.Debug|x64.ActiveCfg = Debug|Any CPU
		{0EC16074-258F-4169-A770-448781EE209A}.Debug|x64.Build.0 = Debug|Any CPU
		{0EC16074-258F-4169-A770-448781EE209A}.Debug|x86.ActiveCfg = Debug|Any CPU
		{0EC16074-258F-4169-A770-448781EE209A}.Debug|x86.Build.0 = Debug|Any CPU
		{0EC16074-258F-4169-A770-448781EE209A}.Release|Any CPU.ActiveCfg = Release|Any CPU
		{0EC16074-258F-4169-A770-448781EE209A}.Release|Any CPU.Build.0 = Release|Any CPU
		{0EC16074-258F-4169-A770-448781EE209A}.Release|x64.ActiveCfg = Release|Any CPU
		{0EC16074-258F-4169-A770-448781EE209A}.Release|x64.Build.0 = Release|Any CPU
		{0EC16074-258F-4169-A770-448781EE209A}.Release|x86.ActiveCfg = Release|Any CPU
		{0EC16074-258F-4169-A770-448781EE209A}.Release|x86.Build.0 = Release|Any CPU
		{3D753212-6C63-4BEC-913C-663AA6AB7846}.Debug|Any CPU.ActiveCfg = Debug|Any CPU
		{3D753212-6C63-4BEC-913C-663AA6AB7846}.Debug|Any CPU.Build.0 = Debug|Any CPU
		{3D753212-6C63-4BEC-913C-663AA6AB7846}.Debug|x64.ActiveCfg = Debug|Any CPU
		{3D753212-6C63-4BEC-913C-663AA6AB7846}.Debug|x64.Build.0 = Debug|Any CPU
		{3D753212-6C63-4BEC-913C-663AA6AB7846}.Debug|x86.ActiveCfg = Debug|Any CPU
		{3D753212-6C63-4BEC-913C-663AA6AB7846}.Debug|x86.Build.0 = Debug|Any CPU
		{3D753212-6C63-4BEC-913C-663AA6AB7846}.Release|Any CPU.ActiveCfg = Release|Any CPU
		{3D753212-6C63-4BEC-913C-663AA6AB7846}.Release|Any CPU.Build.0 = Release|Any CPU
		{3D753212-6C63-4BEC-913C-663AA6AB7846}.Release|x64.ActiveCfg = Release|Any CPU
		{3D753212-6C63-4BEC-913C-663AA6AB7846}.Release|x64.Build.0 = Release|Any CPU
		{3D753212-6C63-4BEC-913C-663AA6AB7846}.Release|x86.ActiveCfg = Release|Any CPU
		{3D753212-6C63-4BEC-913C-663AA6AB7846}.Release|x86.Build.0 = Release|Any CPU
		{5804586A-B19E-48CF-A987-67EBF1868522}.Debug|Any CPU.ActiveCfg = Debug|Any CPU
		{5804586A-B19E-48CF-A987-67EBF1868522}.Debug|Any CPU.Build.0 = Debug|Any CPU
		{5804586A-B19E-48CF-A987-67EBF1868522}.Debug|x64.ActiveCfg = Debug|Any CPU
		{5804586A-B19E-48CF-A987-67EBF1868522}.Debug|x64.Build.0 = Debug|Any CPU
		{5804586A-B19E-48CF-A987-67EBF1868522}.Debug|x86.ActiveCfg = Debug|Any CPU
		{5804586A-B19E-48CF-A987-67EBF1868522}.Debug|x86.Build.0 = Debug|Any CPU
		{5804586A-B19E-48CF-A987-67EBF1868522}.Release|Any CPU.ActiveCfg = Release|Any CPU
		{5804586A-B19E-48CF-A987-67EBF1868522}.Release|Any CPU.Build.0 = Release|Any CPU
		{5804586A-B19E-48CF-A987-67EBF1868522}.Release|x64.ActiveCfg = Release|Any CPU
		{5804586A-B19E-48CF-A987-67EBF1868522}.Release|x64.Build.0 = Release|Any CPU
		{5804586A-B19E-48CF-A987-67EBF1868522}.Release|x86.ActiveCfg = Release|Any CPU
		{5804586A-B19E-48CF-A987-67EBF1868522}.Release|x86.Build.0 = Release|Any CPU
		{798BB764-79CC-4D2F-A765-794901F68283}.Debug|Any CPU.ActiveCfg = Debug|Any CPU
		{798BB764-79CC-4D2F-A765-794901F68283}.Debug|Any CPU.Build.0 = Debug|Any CPU
		{798BB764-79CC-4D2F-A765-794901F68283}.Debug|x64.ActiveCfg = Debug|Any CPU
		{798BB764-79CC-4D2F-A765-794901F68283}.Debug|x64.Build.0 = Debug|Any CPU
		{798BB764-79CC-4D2F-A765-794901F68283}.Debug|x86.ActiveCfg = Debug|Any CPU
		{798BB764-79CC-4D2F-A765-794901F68283}.Debug|x86.Build.0 = Debug|Any CPU
		{798BB764-79CC-4D2F-A765-794901F68283}.Release|Any CPU.ActiveCfg = Release|Any CPU
		{798BB764-79CC-4D2F-A765-794901F68283}.Release|Any CPU.Build.0 = Release|Any CPU
		{798BB764-79CC-4D2F-A765-794901F68283}.Release|x64.ActiveCfg = Release|Any CPU
		{798BB764-79CC-4D2F-A765-794901F68283}.Release|x64.Build.0 = Release|Any CPU
		{798BB764-79CC-4D2F-A765-794901F68283}.Release|x86.ActiveCfg = Release|Any CPU
		{798BB764-79CC-4D2F-A765-794901F68283}.Release|x86.Build.0 = Release|Any CPU
		{C48C5FAE-1325-4E34-BD15-140DA502191B}.Debug|Any CPU.ActiveCfg = Debug|Any CPU
		{C48C5FAE-1325-4E34-BD15-140DA502191B}.Debug|Any CPU.Build.0 = Debug|Any CPU
		{C48C5FAE-1325-4E34-BD15-140DA502191B}.Debug|x64.ActiveCfg = Debug|Any CPU
		{C48C5FAE-1325-4E34-BD15-140DA502191B}.Debug|x64.Build.0 = Debug|Any CPU
		{C48C5FAE-1325-4E34-BD15-140DA502191B}.Debug|x86.ActiveCfg = Debug|Any CPU
		{C48C5FAE-1325-4E34-BD15-140DA502191B}.Debug|x86.Build.0 = Debug|Any CPU
		{C48C5FAE-1325-4E34-BD15-140DA502191B}.Release|Any CPU.ActiveCfg = Release|Any CPU
		{C48C5FAE-1325-4E34-BD15-140DA502191B}.Release|Any CPU.Build.0 = Release|Any CPU
		{C48C5FAE-1325-4E34-BD15-140DA502191B}.Release|x64.ActiveCfg = Release|Any CPU
		{C48C5FAE-1325-4E34-BD15-140DA502191B}.Release|x64.Build.0 = Release|Any CPU
		{C48C5FAE-1325-4E34-BD15-140DA502191B}.Release|x86.ActiveCfg = Release|Any CPU
		{C48C5FAE-1325-4E34-BD15-140DA502191B}.Release|x86.Build.0 = Release|Any CPU
		{95E50592-DFD8-4E2B-8058-731743282800}.Debug|Any CPU.ActiveCfg = Debug|Any CPU
		{95E50592-DFD8-4E2B-8058-731743282800}.Debug|Any CPU.Build.0 = Debug|Any CPU
		{95E50592-DFD8-4E2B-8058-731743282800}.Debug|x64.ActiveCfg = Debug|Any CPU
		{95E50592-DFD8-4E2B-8058-731743282800}.Debug|x64.Build.0 = Debug|Any CPU
		{95E50592-DFD8-4E2B-8058-731743282800}.Debug|x86.ActiveCfg = Debug|Any CPU
		{95E50592-DFD8-4E2B-8058-731743282800}.Debug|x86.Build.0 = Debug|Any CPU
		{95E50592-DFD8-4E2B-8058-731743282800}.Release|Any CPU.ActiveCfg = Release|Any CPU
		{95E50592-DFD8-4E2B-8058-731743282800}.Release|Any CPU.Build.0 = Release|Any CPU
		{95E50592-DFD8-4E2B-8058-731743282800}.Release|x64.ActiveCfg = Release|Any CPU
		{95E50592-DFD8-4E2B-8058-731743282800}.Release|x64.Build.0 = Release|Any CPU
		{95E50592-DFD8-4E2B-8058-731743282800}.Release|x86.ActiveCfg = Release|Any CPU
		{95E50592-DFD8-4E2B-8058-731743282800}.Release|x86.Build.0 = Release|Any CPU
		{64325EE9-F239-473E-AE56-A1F07107E007}.Debug|Any CPU.ActiveCfg = Debug|Any CPU
		{64325EE9-F239-473E-AE56-A1F07107E007}.Debug|Any CPU.Build.0 = Debug|Any CPU
		{64325EE9-F239-473E-AE56-A1F07107E007}.Debug|x64.ActiveCfg = Debug|Any CPU
		{64325EE9-F239-473E-AE56-A1F07107E007}.Debug|x64.Build.0 = Debug|Any CPU
		{64325EE9-F239-473E-AE56-A1F07107E007}.Debug|x86.ActiveCfg = Debug|Any CPU
		{64325EE9-F239-473E-AE56-A1F07107E007}.Debug|x86.Build.0 = Debug|Any CPU
		{64325EE9-F239-473E-AE56-A1F07107E007}.Release|Any CPU.ActiveCfg = Release|Any CPU
		{64325EE9-F239-473E-AE56-A1F07107E007}.Release|Any CPU.Build.0 = Release|Any CPU
		{64325EE9-F239-473E-AE56-A1F07107E007}.Release|x64.ActiveCfg = Release|Any CPU
		{64325EE9-F239-473E-AE56-A1F07107E007}.Release|x64.Build.0 = Release|Any CPU
		{64325EE9-F239-473E-AE56-A1F07107E007}.Release|x86.ActiveCfg = Release|Any CPU
		{64325EE9-F239-473E-AE56-A1F07107E007}.Release|x86.Build.0 = Release|Any CPU
		{1C270FD7-03C8-4959-87BF-8AA435D589B8}.Debug|Any CPU.ActiveCfg = Debug|Any CPU
		{1C270FD7-03C8-4959-87BF-8AA435D589B8}.Debug|Any CPU.Build.0 = Debug|Any CPU
		{1C270FD7-03C8-4959-87BF-8AA435D589B8}.Debug|x64.ActiveCfg = Debug|Any CPU
		{1C270FD7-03C8-4959-87BF-8AA435D589B8}.Debug|x64.Build.0 = Debug|Any CPU
		{1C270FD7-03C8-4959-87BF-8AA435D589B8}.Debug|x86.ActiveCfg = Debug|Any CPU
		{1C270FD7-03C8-4959-87BF-8AA435D589B8}.Debug|x86.Build.0 = Debug|Any CPU
		{1C270FD7-03C8-4959-87BF-8AA435D589B8}.Release|Any CPU.ActiveCfg = Release|Any CPU
		{1C270FD7-03C8-4959-87BF-8AA435D589B8}.Release|Any CPU.Build.0 = Release|Any CPU
		{1C270FD7-03C8-4959-87BF-8AA435D589B8}.Release|x64.ActiveCfg = Release|Any CPU
		{1C270FD7-03C8-4959-87BF-8AA435D589B8}.Release|x64.Build.0 = Release|Any CPU
		{1C270FD7-03C8-4959-87BF-8AA435D589B8}.Release|x86.ActiveCfg = Release|Any CPU
		{1C270FD7-03C8-4959-87BF-8AA435D589B8}.Release|x86.Build.0 = Release|Any CPU
		{E6EDBAD8-0B9D-47B5-8E0C-02DA41B2D212}.Debug|Any CPU.ActiveCfg = Debug|Any CPU
		{E6EDBAD8-0B9D-47B5-8E0C-02DA41B2D212}.Debug|Any CPU.Build.0 = Debug|Any CPU
		{E6EDBAD8-0B9D-47B5-8E0C-02DA41B2D212}.Debug|x64.ActiveCfg = Debug|Any CPU
		{E6EDBAD8-0B9D-47B5-8E0C-02DA41B2D212}.Debug|x64.Build.0 = Debug|Any CPU
		{E6EDBAD8-0B9D-47B5-8E0C-02DA41B2D212}.Debug|x86.ActiveCfg = Debug|Any CPU
		{E6EDBAD8-0B9D-47B5-8E0C-02DA41B2D212}.Debug|x86.Build.0 = Debug|Any CPU
		{E6EDBAD8-0B9D-47B5-8E0C-02DA41B2D212}.Release|Any CPU.ActiveCfg = Release|Any CPU
		{E6EDBAD8-0B9D-47B5-8E0C-02DA41B2D212}.Release|Any CPU.Build.0 = Release|Any CPU
		{E6EDBAD8-0B9D-47B5-8E0C-02DA41B2D212}.Release|x64.ActiveCfg = Release|Any CPU
		{E6EDBAD8-0B9D-47B5-8E0C-02DA41B2D212}.Release|x64.Build.0 = Release|Any CPU
		{E6EDBAD8-0B9D-47B5-8E0C-02DA41B2D212}.Release|x86.ActiveCfg = Release|Any CPU
		{E6EDBAD8-0B9D-47B5-8E0C-02DA41B2D212}.Release|x86.Build.0 = Release|Any CPU
		{4E4FA6EC-D8DF-4D72-B94D-69BA6A4F0813}.Debug|Any CPU.ActiveCfg = Debug|Any CPU
		{4E4FA6EC-D8DF-4D72-B94D-69BA6A4F0813}.Debug|Any CPU.Build.0 = Debug|Any CPU
		{4E4FA6EC-D8DF-4D72-B94D-69BA6A4F0813}.Debug|x64.ActiveCfg = Debug|Any CPU
		{4E4FA6EC-D8DF-4D72-B94D-69BA6A4F0813}.Debug|x64.Build.0 = Debug|Any CPU
		{4E4FA6EC-D8DF-4D72-B94D-69BA6A4F0813}.Debug|x86.ActiveCfg = Debug|Any CPU
		{4E4FA6EC-D8DF-4D72-B94D-69BA6A4F0813}.Debug|x86.Build.0 = Debug|Any CPU
		{4E4FA6EC-D8DF-4D72-B94D-69BA6A4F0813}.Release|Any CPU.ActiveCfg = Release|Any CPU
		{4E4FA6EC-D8DF-4D72-B94D-69BA6A4F0813}.Release|Any CPU.Build.0 = Release|Any CPU
		{4E4FA6EC-D8DF-4D72-B94D-69BA6A4F0813}.Release|x64.ActiveCfg = Release|Any CPU
		{4E4FA6EC-D8DF-4D72-B94D-69BA6A4F0813}.Release|x64.Build.0 = Release|Any CPU
		{4E4FA6EC-D8DF-4D72-B94D-69BA6A4F0813}.Release|x86.ActiveCfg = Release|Any CPU
		{4E4FA6EC-D8DF-4D72-B94D-69BA6A4F0813}.Release|x86.Build.0 = Release|Any CPU
		{2522447A-B836-4871-A863-BD882B16213B}.Debug|Any CPU.ActiveCfg = Debug|Any CPU
		{2522447A-B836-4871-A863-BD882B16213B}.Debug|Any CPU.Build.0 = Debug|Any CPU
		{2522447A-B836-4871-A863-BD882B16213B}.Debug|x64.ActiveCfg = Debug|Any CPU
		{2522447A-B836-4871-A863-BD882B16213B}.Debug|x64.Build.0 = Debug|Any CPU
		{2522447A-B836-4871-A863-BD882B16213B}.Debug|x86.ActiveCfg = Debug|Any CPU
		{2522447A-B836-4871-A863-BD882B16213B}.Debug|x86.Build.0 = Debug|Any CPU
		{2522447A-B836-4871-A863-BD882B16213B}.Release|Any CPU.ActiveCfg = Release|Any CPU
		{2522447A-B836-4871-A863-BD882B16213B}.Release|Any CPU.Build.0 = Release|Any CPU
		{2522447A-B836-4871-A863-BD882B16213B}.Release|x64.ActiveCfg = Release|Any CPU
		{2522447A-B836-4871-A863-BD882B16213B}.Release|x64.Build.0 = Release|Any CPU
		{2522447A-B836-4871-A863-BD882B16213B}.Release|x86.ActiveCfg = Release|Any CPU
		{2522447A-B836-4871-A863-BD882B16213B}.Release|x86.Build.0 = Release|Any CPU
	EndGlobalSection
	GlobalSection(SolutionProperties) = preSolution
		HideSolutionNode = FALSE
	EndGlobalSection
	GlobalSection(NestedProjects) = preSolution
		{FB00A8EE-7F03-4F70-8E6E-B3FB42A48F4E} = {827E0CD3-B72D-47B6-A68D-7590B98EB39B}
		{0EC16074-258F-4169-A770-448781EE209A} = {827E0CD3-B72D-47B6-A68D-7590B98EB39B}
		{3D753212-6C63-4BEC-913C-663AA6AB7846} = {827E0CD3-B72D-47B6-A68D-7590B98EB39B}
		{5804586A-B19E-48CF-A987-67EBF1868522} = {827E0CD3-B72D-47B6-A68D-7590B98EB39B}
		{90298CBA-BD6F-3A0A-69D5-97CAD7B05E7E} = {827E0CD3-B72D-47B6-A68D-7590B98EB39B}
		{798BB764-79CC-4D2F-A765-794901F68283} = {90298CBA-BD6F-3A0A-69D5-97CAD7B05E7E}
		{EC447DCF-ABFA-6E24-52A5-D7FD48A5C558} = {827E0CD3-B72D-47B6-A68D-7590B98EB39B}
		{ED2E8AD3-D612-63BB-118F-3A0D1BC4A84C} = {EC447DCF-ABFA-6E24-52A5-D7FD48A5C558}
		{C48C5FAE-1325-4E34-BD15-140DA502191B} = {ED2E8AD3-D612-63BB-118F-3A0D1BC4A84C}
		{95E50592-DFD8-4E2B-8058-731743282800} = {ED2E8AD3-D612-63BB-118F-3A0D1BC4A84C}
		{64325EE9-F239-473E-AE56-A1F07107E007} = {0AB3BF05-4346-4AA6-1389-037BE0695223}
		{1C270FD7-03C8-4959-87BF-8AA435D589B8} = {ED2E8AD3-D612-63BB-118F-3A0D1BC4A84C}
	EndGlobalSection
EndGlobal
