
Microsoft Visual Studio Solution File, Format Version 12.00
# Visual Studio 15
VisualStudioVersion = 15.0.28307.1433
MinimumVisualStudioVersion = 10.0.40219.1
Project("{FAE04EC0-301F-11D3-BF4B-00C04F79EFBC}") = "DFEND_CTe_Receptor", "DFEND_CTe_Receptor\DFEND_CTe_Receptor.csproj", "{1BF79216-4CF9-416B-9769-97476698A198}"
EndProject
Global
	GlobalSection(SolutionConfigurationPlatforms) = preSolution
		Debug|Any CPU = Debug|Any CPU
		Release|Any CPU = Release|Any CPU
	EndGlobalSection
	GlobalSection(ProjectConfigurationPlatforms) = postSolution
		{1BF79216-4CF9-416B-9769-97476698A198}.Debug|Any CPU.ActiveCfg = Debug|Any CPU
		{1BF79216-4CF9-416B-9769-97476698A198}.Debug|Any CPU.Build.0 = Debug|Any CPU
		{1BF79216-4CF9-416B-9769-97476698A198}.Release|Any CPU.ActiveCfg = Release|Any CPU
		{1BF79216-4CF9-416B-9769-97476698A198}.Release|Any CPU.Build.0 = Release|Any CPU
	EndGlobalSection
	GlobalSection(SolutionProperties) = preSolution
		HideSolutionNode = FALSE
	EndGlobalSection
	GlobalSection(ExtensibilityGlobals) = postSolution
		SolutionGuid = {DA0667CD-9CFA-4E3B-BBAE-28E527E9CB46}
	EndGlobalSection
	GlobalSection(TeamFoundationVersionControl) = preSolution
		SccNumberOfProjects = 1
		SccEnterpriseProvider = {4CA58AB2-18FA-4F8D-95D4-32DDF27D184C}
		SccTeamFoundationServer = https://azuredevops.sefaz.ba.gov.br/tfs/sped
		SccProjectUniqueName0 = DFEND_CTe_Receptor\\DFEND_CTe_Receptor.csproj
		SccProjectName0 = DFEND_CTe_Receptor
		SccAuxPath0 = https://azuredevops.sefaz.ba.gov.br/tfs/sped
		SccLocalPath0 = DFEND_CTe_Receptor
		SccProvider0 = {4CA58AB2-18FA-4F8D-95D4-32DDF27D184C}
	EndGlobalSection
EndGlobal
